// !$*UTF8*$!
{
	archiveVersion = 1;
	classes = {
	};
	objectVersion = 50;
	objects = {

/* Begin PBXBuildFile section */
		AB14F40524E4376A00C55786 /* AppDelegate.swift in Sources */ = {isa = PBXBuildFile; fileRef = AB14F40424E4376A00C55786 /* AppDelegate.swift */; };
		AB14F40724E4376A00C55786 /* SceneDelegate.swift in Sources */ = {isa = PBXBuildFile; fileRef = AB14F40624E4376A00C55786 /* SceneDelegate.swift */; };
		AB14F40924E4376A00C55786 /* ViewController.swift in Sources */ = {isa = PBXBuildFile; fileRef = AB14F40824E4376A00C55786 /* ViewController.swift */; };
		AB14F40C24E4376A00C55786 /* Main.storyboard in Resources */ = {isa = PBXBuildFile; fileRef = AB14F40A24E4376A00C55786 /* Main.storyboard */; };
		AB14F40E24E4376B00C55786 /* Assets.xcassets in Resources */ = {isa = PBXBuildFile; fileRef = AB14F40D24E4376B00C55786 /* Assets.xcassets */; };
		AB14F41124E4376B00C55786 /* LaunchScreen.storyboard in Resources */ = {isa = PBXBuildFile; fileRef = AB14F40F24E4376B00C55786 /* LaunchScreen.storyboard */; };
/* End PBXBuildFile section */

/* Begin PBXFileReference section */
		AB14F40124E4376A00C55786 /* zodiac year.app */ = {isa = PBXFileReference; explicitFileType = wrapper.application; includeInIndex = 0; path = "zodiac year.app"; sourceTree = BUILT_PRODUCTS_DIR; };
		AB14F40424E4376A00C55786 /* AppDelegate.swift */ = {isa = PBXFileReference; lastKnownFileType = sourcecode.swift; path = AppDelegate.swift; sourceTree = "<group>"; };
		AB14F40624E4376A00C55786 /* SceneDelegate.swift */ = {isa = PBXFileReference; lastKnownFileType = sourcecode.swift; path = SceneDelegate.swift; sourceTree = "<group>"; };
		AB14F40824E4376A00C55786 /* ViewController.swift */ = {isa = PBXFileReference; lastKnownFileType = sourcecode.swift; path = ViewController.swift; sourceTree = "<group>"; };
		AB14F40B24E4376A00C55786 /* Base */ = {isa = PBXFileReference; lastKnownFileType = file.storyboard; name = Base; path = Base.lproj/Main.storyboard; sourceTree = "<group>"; };
		AB14F40D24E4376B00C55786 /* Assets.xcassets */ = {isa = PBXFileReference; lastKnownFileType = folder.assetcatalog; path = Assets.xcassets; sourceTree = "<group>"; };
		AB14F41024E4376B00C55786 /* Base */ = {isa = PBXFileReference; lastKnownFileType = file.storyboard; name = Base; path = Base.lproj/LaunchScreen.storyboard; sourceTree = "<group>"; };
		AB14F41224E4376B00C55786 /* Info.plist */ = {isa = PBXFileReference; lastKnownFileType = text.plist.xml; path = Info.plist; sourceTree = "<group>"; };
/* End PBXFileReference section */

/* Begin PBXFrameworksBuildPhase section */
		AB14F3FE24E4376A00C55786 /* Frameworks */ = {
			isa = PBXFrameworksBuildPhase;
			buildActionMask = 2147483647;
			files = (
			);
			runOnlyForDeploymentPostprocessing = 0;
		};
/* End PBXFrameworksBuildPhase section */

/* Begin PBXGroup section */
		AB14F3F824E4376A00C55786 = {
			isa = PBXGroup;
			children = (
				AB14F40324E4376A00C55786 /* zodiac year */,
				AB14F40224E4376A00C55786 /* Products */,
			);
			sourceTree = "<group>";
		};
		AB14F40224E4376A00C55786 /* Products */ = {
			isa = PBXGroup;
			children = (
				AB14F40124E4376A00C55786 /* zodiac year.app */,
			);
			name = Products;
			sourceTree = "<group>";
		};
		AB14F40324E4376A00C55786 /* zodiac year */ = {
			isa = PBXGroup;
			children = (
				AB14F40424E4376A00C55786 /* AppDelegate.swift */,
				AB14F40624E4376A00C55786 /* SceneDelegate.swift */,
				AB14F40824E4376A00C55786 /* ViewController.swift */,
				AB14F40A24E4376A00C55786 /* Main.storyboard */,
				AB14F40D24E4376B00C55786 /* Assets.xcassets */,
				AB14F40F24E4376B00C55786 /* LaunchScreen.storyboard */,
				AB14F41224E4376B00C55786 /* Info.plist */,
			);
			path = "zodiac year";
			sourceTree = "<group>";
		};
/* End PBXGroup section */

/* Begin PBXNativeTarget section */
		AB14F40024E4376A00C55786 /* zodiac year */ = {
			isa = PBXNativeTarget;
			buildConfigurationList = AB14F41524E4376B00C55786 /* Build configuration list for PBXNativeTarget "zodiac year" */;
			buildPhases = (
				AB14F3FD24E4376A00C55786 /* Sources */,
				AB14F3FE24E4376A00C55786 /* Frameworks */,
				AB14F3FF24E4376A00C55786 /* Resources */,
			);
			buildRules = (
			);
			dependencies = (
			);
			name = "zodiac year";
			productName = "zodiac year";
			productReference = AB14F40124E4376A00C55786 /* zodiac year.app */;
			productType = "com.apple.product-type.application";
		};
/* End PBXNativeTarget section */

/* Begin PBXProject section */
		AB14F3F924E4376A00C55786 /* Project object */ = {
			isa = PBXProject;
			attributes = {
				LastSwiftUpdateCheck = 1200;
				LastUpgradeCheck = 1200;
				TargetAttributes = {
					AB14F40024E4376A00C55786 = {
						CreatedOnToolsVersion = 12.0;
					};
				};
			};
			buildConfigurationList = AB14F3FC24E4376A00C55786 /* Build configuration list for PBXProject "zodiac year" */;
			compatibilityVersion = "Xcode 9.3";
			developmentRegion = en;
			hasScannedForEncodings = 0;
			knownRegions = (
				en,
				Base,
			);
			mainGroup = AB14F3F824E4376A00C55786;
			productRefGroup = AB14F40224E4376A00C55786 /* Products */;
			projectDirPath = "";
			projectRoot = "";
			targets = (
				AB14F40024E4376A00C55786 /* zodiac year */,
			);
		};
/* End PBXProject section */

/* Begin PBXResourcesBuildPhase section */
		AB14F3FF24E4376A00C55786 /* Resources */ = {
			isa = PBXResourcesBuildPhase;
			buildActionMask = 2147483647;
			files = (
				AB14F41124E4376B00C55786 /* LaunchScreen.storyboard in Resources */,
				AB14F40E24E4376B00C55786 /* Assets.xcassets in Resources */,
				AB14F40C24E4376A00C55786 /* Main.storyboard in Resources */,
			);
			runOnlyForDeploymentPostprocessing = 0;
		};
/* End PBXResourcesBuildPhase section */

/* Begin PBXSourcesBuildPhase section */
		AB14F3FD24E4376A00C55786 /* Sources */ = {
			isa = PBXSourcesBuildPhase;
			buildActionMask = 2147483647;
			files = (
				AB14F40924E4376A00C55786 /* ViewController.swift in Sources */,
				AB14F40524E4376A00C55786 /* AppDelegate.swift in Sources */,
				AB14F40724E4376A00C55786 /* SceneDelegate.swift in Sources */,
			);
			runOnlyForDeploymentPostprocessing = 0;
		};
/* End PBXSourcesBuildPhase section */

/* Begin PBXVariantGroup section */
		AB14F40A24E4376A00C55786 /* Main.storyboard */ = {
			isa = PBXVariantGroup;
			children = (
				AB14F40B24E4376A00C55786 /* Base */,
			);
			name = Main.storyboard;
			sourceTree = "<group>";
		};
		AB14F40F24E4376B00C55786 /* LaunchScreen.storyboard */ = {
			isa = PBXVariantGroup;
			children = (
				AB14F41024E4376B00C55786 /* Base */,
			);
			name = LaunchScreen.storyboard;
			sourceTree = "<group>";
		};
/* End PBXVariantGroup section */

/* Begin XCBuildConfiguration section */
		AB14F41324E4376B00C55786 /* Debug */ = {
			isa = XCBuildConfiguration;
			buildSettings = {
				ALWAYS_SEARCH_USER_PATHS = NO;
				CLANG_ANALYZER_NONNULL = YES;
				CLANG_ANALYZER_NUMBER_OBJECT_CONVERSION = YES_AGGRESSIVE;
				CLANG_CXX_LANGUAGE_STANDARD = "gnu++14";
				CLANG_CXX_LIBRARY = "libc++";
				CLANG_ENABLE_MODULES = YES;
				CLANG_ENABLE_OBJC_ARC = YES;
				CLANG_ENABLE_OBJC_WEAK = YES;
				CLANG_WARN_BLOCK_CAPTURE_AUTORELEASING = YES;
				CLANG_WARN_BOOL_CONVERSION = YES;
				CLANG_WARN_COMMA = YES;
				CLANG_WARN_CONSTANT_CONVERSION = YES;
				CLANG_WARN_DEPRECATED_OBJC_IMPLEMENTATIONS = YES;
				CLANG_WARN_DIRECT_OBJC_ISA_USAGE = YES_ERROR;
				CLANG_WARN_DOCUMENTATION_COMMENTS = YES;
				CLANG_WARN_EMPTY_BODY = YES;
				CLANG_WARN_ENUM_CONVERSION = YES;
				CLANG_WARN_INFINITE_RECURSION = YES;
				CLANG_WARN_INT_CONVERSION = YES;
				CLANG_WARN_NON_LITERAL_NULL_CONVERSION = YES;
				CLANG_WARN_OBJC_IMPLICIT_RETAIN_SELF = YES;
				CLANG_WARN_OBJC_LITERAL_CONVERSION = YES;
				CLANG_WARN_OBJC_ROOT_CLASS = YES_ERROR;
				CLANG_WARN_QUOTED_INCLUDE_IN_FRAMEWORK_HEADER = YES;
				CLANG_WARN_RANGE_LOOP_ANALYSIS = YES;
				CLANG_WARN_STRICT_PROTOTYPES = YES;
				CLANG_WARN_SUSPICIOUS_MOVE = YES;
				CLANG_WARN_UNGUARDED_AVAILABILITY = YES_AGGRESSIVE;
				CLANG_WARN_UNREACHABLE_CODE = YES;
				CLANG_WARN__DUPLICATE_METHOD_MATCH = YES;
				COPY_PHASE_STRIP = NO;
				DEBUG_INFORMATION_FORMAT = dwarf;
				ENABLE_STRICT_OBJC_MSGSEND = YES;
				ENABLE_TESTABILITY = YES;
				GCC_C_LANGUAGE_STANDARD = gnu11;
				GCC_DYNAMIC_NO_PIC = NO;
				GCC_NO_COMMON_BLOCKS = YES;
				GCC_OPTIMIZATION_LEVEL = 0;
				GCC_PREPROCESSOR_DEFINITIONS = (
					"DEBUG=1",
					"$(inherited)",
				);
				GCC_WARN_64_TO_32_BIT_CONVERSION = YES;
				GCC_WARN_ABOUT_RETURN_TYPE = YES_ERROR;
				GCC_WARN_UNDECLARED_SELECTOR = YES;
				GCC_WARN_UNINITIALIZED_AUTOS = YES_AGGRESSIVE;
				GCC_WARN_UNUSED_FUNCTION = YES;
				GCC_WARN_UNUSED_VARIABLE = YES;
				IPHONEOS_DEPLOYMENT_TARGET = 14.0;
				MTL_ENABLE_DEBUG_INFO = INCLUDE_SOURCE;
				MTL_FAST_MATH = YES;
				ONLY_ACTIVE_ARCH = YES;
				SDKROOT = iphoneos;
				SWIFT_ACTIVE_COMPILATION_CONDITIONS = DEBUG;
				SWIFT_OPTIMIZATION_LEVEL = "-Onone";
			};
			name = Debug;
		};
		AB14F41424E4376B00C55786 /* Release */ = {
			isa = XCBuildConfiguration;
			buildSettings = {
				ALWAYS_SEARCH_USER_PATHS = NO;
				CLANG_ANALYZER_NONNULL = YES;
				CLANG_ANALYZER_NUMBER_OBJECT_CONVERSION = YES_AGGRESSIVE;
				CLANG_CXX_LANGUAGE_STANDARD = "gnu++14";
				CLANG_CXX_LIBRARY = "libc++";
				CLANG_ENABLE_MODULES = YES;
				CLANG_ENABLE_OBJC_ARC = YES;
				CLANG_ENABLE_OBJC_WEAK = YES;
				CLANG_WARN_BLOCK_CAPTURE_AUTORELEASING = YES;
				CLANG_WARN_BOOL_CONVERSION = YES;
				CLANG_WARN_COMMA = YES;
				CLANG_WARN_CONSTANT_CONVERSION = YES;
				CLANG_WARN_DEPRECATED_OBJC_IMPLEMENTATIONS = YES;
				CLANG_WARN_DIRECT_OBJC_ISA_USAGE = YES_ERROR;
				CLANG_WARN_DOCUMENTATION_COMMENTS = YES;
				CLANG_WARN_EMPTY_BODY = YES;
				CLANG_WARN_ENUM_CONVERSION = YES;
				CLANG_WARN_INFINITE_RECURSION = YES;
				CLANG_WARN_INT_CONVERSION = YES;
				CLANG_WARN_NON_LITERAL_NULL_CONVERSION = YES;
				CLANG_WARN_OBJC_IMPLICIT_RETAIN_SELF = YES;
				CLANG_WARN_OBJC_LITERAL_CONVERSION = YES;
				CLANG_WARN_OBJC_ROOT_CLASS = YES_ERROR;
				CLANG_WARN_QUOTED_INCLUDE_IN_FRAMEWORK_HEADER = YES;
				CLANG_WARN_RANGE_LOOP_ANALYSIS = YES;
				CLANG_WARN_STRICT_PROTOTYPES = YES;
				CLANG_WARN_SUSPICIOUS_MOVE = YES;
				CLANG_WARN_UNGUARDED_AVAILABILITY = YES_AGGRESSIVE;
				CLANG_WARN_UNREACHABLE_CODE = YES;
				CLANG_WARN__DUPLICATE_METHOD_MATCH = YES;
				COPY_PHASE_STRIP = NO;
				DEBUG_INFORMATION_FORMAT = "dwarf-with-dsym";
				ENABLE_NS_ASSERTIONS = NO;
				ENABLE_STRICT_OBJC_MSGSEND = YES;
				GCC_C_LANGUAGE_STANDARD = gnu11;
				GCC_NO_COMMON_BLOCKS = YES;
				GCC_WARN_64_TO_32_BIT_CONVERSION = YES;
				GCC_WARN_ABOUT_RETURN_TYPE = YES_ERROR;
				GCC_WARN_UNDECLARED_SELECTOR = YES;
				GCC_WARN_UNINITIALIZED_AUTOS = YES_AGGRESSIVE;
				GCC_WARN_UNUSED_FUNCTION = YES;
				GCC_WARN_UNUSED_VARIABLE = YES;
				IPHONEOS_DEPLOYMENT_TARGET = 14.0;
				MTL_ENABLE_DEBUG_INFO = NO;
				MTL_FAST_MATH = YES;
				SDKROOT = iphoneos;
				SWIFT_COMPILATION_MODE = wholemodule;
				SWIFT_OPTIMIZATION_LEVEL = "-O";
				VALIDATE_PRODUCT = YES;
			};
			name = Release;
		};
		AB14F41624E4376B00C55786 /* Debug */ = {
			isa = XCBuildConfiguration;
			buildSettings = {
				ASSETCATALOG_COMPILER_APPICON_NAME = AppIcon;
				ASSETCATALOG_COMPILER_GLOBAL_ACCENT_COLOR_NAME = AccentColor;
				CODE_SIGN_STYLE = Automatic;
				DEVELOPMENT_TEAM = D32SCUNMH5;
				INFOPLIST_FILE = "zodiac year/Info.plist";
				LD_RUNPATH_SEARCH_PATHS = (
					"$(inherited)",
					"@executable_path/Frameworks",
				);
				PRODUCT_BUNDLE_IDENTIFIER = "com.emma.zodiac-year";
				PRODUCT_NAME = "$(TARGET_NAME)";
				SWIFT_VERSION = 5.0;
				TARGETED_DEVICE_FAMILY = "1,2";
			};
			name = Debug;
		};
		AB14F41724E4376B00C55786 /* Release */ = {
			isa = XCBuildConfiguration;
			buildSettings = {
				ASSETCATALOG_COMPILER_APPICON_NAME = AppIcon;
				ASSETCATALOG_COMPILER_GLOBAL_ACCENT_COLOR_NAME = AccentColor;
				CODE_SIGN_STYLE = Automatic;
				DEVELOPMENT_TEAM = D32SCUNMH5;
				INFOPLIST_FILE = "zodiac year/Info.plist";
				LD_RUNPATH_SEARCH_PATHS = (
					"$(inherited)",
					"@executable_path/Frameworks",
				);
				PRODUCT_BUNDLE_IDENTIFIER = "com.emma.zodiac-year";
				PRODUCT_NAME = "$(TARGET_NAME)";
				SWIFT_VERSION = 5.0;
				TARGETED_DEVICE_FAMILY = "1,2";
			};
			name = Release;
		};
/* End XCBuildConfiguration section */

/* Begin XCConfigurationList section */
		AB14F3FC24E4376A00C55786 /* Build configuration list for PBXProject "zodiac year" */ = {
			isa = XCConfigurationList;
			buildConfigurations = (
				AB14F41324E4376B00C55786 /* Debug */,
				AB14F41424E4376B00C55786 /* Release */,
			);
			defaultConfigurationIsVisible = 0;
			defaultConfigurationName = Release;
		};
		AB14F41524E4376B00C55786 /* Build configuration list for PBXNativeTarget "zodiac year" */ = {
			isa = XCConfigurationList;
			buildConfigurations = (
				AB14F41624E4376B00C55786 /* Debug */,
				AB14F41724E4376B00C55786 /* Release */,
			);
			defaultConfigurationIsVisible = 0;
			defaultConfigurationName = Release;
		};
/* End XCConfigurationList section */
	};
	rootObject = AB14F3F924E4376A00C55786 /* Project object */;
}
